# This is a Gradle generated file for dependency locking.
# Manual edits can break the build and are not advised.
# This file is expected to be part of source control.
bundledModule:intellij-platform-test-runtime:IU-261.22158.277=intellijPlatformTestRuntimeFixClasspath,intellijPlatformTestRuntimeFixClasspath_manualTestIde
bundledPlugin:com.intellij.java:IU-261.22158.277=compileClasspath,intellijPlatformBundledPlugins,intellijPlatformDependencies,intellijPlatformTestBundledPlugins,intellijPlatformTestClasspath,intellijPlatformTestDependencies,testCompileClasspath
com.fasterxml.jackson.core:jackson-annotations:2.19.0=intellijPlatformTestClasspath,intellijPlatformTestDependencies,testCompileClasspath
com.fasterxml.jackson.core:jackson-core:2.19.0=intellijPlatformTestClasspath,intellijPlatformTestDependencies,testCompileClasspath
com.fasterxml.jackson.core:jackson-databind:2.19.0=intellijPlatformTestClasspath,intellijPlatformTestDependencies,testCompileClasspath
com.fasterxml.jackson.module:jackson-module-kotlin:2.19.0=intellijPlatformTestClasspath,intellijPlatformTestDependencies,testCompileClasspath
com.fasterxml.jackson:jackson-bom:2.19.0=intellijPlatformTestClasspath,intellijPlatformTestDependencies,testCompileClasspath
com.jetbrains.intellij.java:java-compiler-ant-tasks:261.22158.277=intellijPlatformJavaCompiler
com.jetbrains.intellij.java:java-compiler-instrumentation-util-java8:261.22158.277=intellijPlatformJavaCompiler
com.jetbrains.intellij.java:java-compiler-instrumentation-util:261.22158.277=intellijPlatformJavaCompiler
com.jetbrains.intellij.java:java-gui-forms-compiler:261.22158.277=intellijPlatformJavaCompiler
com.jetbrains.intellij.java:java-gui-forms-rt:261.22158.277=intellijPlatformJavaCompiler
com.jetbrains.intellij.platform:core-nio-fs:261.22158.277=intellijPlatformTestClasspath,intellijPlatformTestDependencies
com.jetbrains.intellij.platform:test-framework-common:261.22158.277=intellijPlatformTestClasspath,intellijPlatformTestDependencies,testCompileClasspath
com.jetbrains.intellij.platform:test-framework-core:261.22158.277=intellijPlatformTestClasspath,intellijPlatformTestDependencies,testCompileClasspath
com.jetbrains.intellij.platform:test-framework-team-city:261.22158.277=intellijPlatformTestClasspath,intellijPlatformTestDependencies
com.jetbrains.intellij.platform:test-framework:261.22158.277=intellijPlatformTestClasspath,intellijPlatformTestDependencies,testCompileClasspath
com.jetbrains.intellij.platform:todo:261.22158.277=intellijPlatformTestClasspath,intellijPlatformTestDependencies
com.jetbrains.intellij.platform:util-jdom:261.22158.277=intellijPlatformJavaCompiler
com.jetbrains.intellij.tools:tests-bootstrap:261.22158.277=intellijPlatformTestClasspath,intellijPlatformTestDependencies
com.jgoodies:forms:1.1-preview=intellijPlatformJavaCompiler
idea:idea:2026.1=compileClasspath,intellijPlatformClasspath,intellijPlatformClasspath_manualTestIde,intellijPlatformDependency,intellijPlatformDependencyArchive,intellijPlatformDependencyArchive_manualTestIde,intellijPlatformDependency_manualTestIde,intellijPlatformTestClasspath,intellijPlatformTestClasspath_manualTestIde,testCompileClasspath
idea:idea:2026.1.3=intellijPluginVerifierIdes,intellijPluginVerifierIdesDependency
jaxen:jaxen:1.2.0=intellijPlatformJavaCompiler
junit:junit:4.13.2=intellijPlatformTestRuntimeClasspath,intellijPlatformTestRuntimeClasspath_manualTestIde,testCompileClasspath,testRuntimeClasspath
one.util:streamex:0.8.4=intellijPlatformTestClasspath,intellijPlatformTestDependencies
org.apache.httpcomponents:httpclient:4.5.14=intellijPlatformTestClasspath,intellijPlatformTestDependencies,testCompileClasspath
org.apache.httpcomponents:httpcore:4.4.16=intellijPlatformTestClasspath,intellijPlatformTestDependencies,testCompileClasspath
org.apache.httpcomponents:httpmime:4.5.14=intellijPlatformTestClasspath,intellijPlatformTestDependencies,testCompileClasspath
org.apiguardian:apiguardian-api:1.1.2=testCompileClasspath
org.assertj:assertj-core:4.0.0-M1=intellijPlatformTestClasspath,intellijPlatformTestDependencies
org.hamcrest:hamcrest-core:1.3=intellijPlatformTestRuntimeClasspath,intellijPlatformTestRuntimeClasspath_manualTestIde,testCompileClasspath,testRuntimeClasspath
org.hamcrest:hamcrest:2.2=intellijPlatformTestClasspath,intellijPlatformTestDependencies
org.hamcrest:hamcrest:3.0=intellijPlatformTestRuntimeClasspath,intellijPlatformTestRuntimeClasspath_manualTestIde,testCompileClasspath,testRuntimeClasspath
org.itsallcode.openfasttrace:openfasttrace-api:4.4.0=compileClasspath,intellijPlatformComposedJar,intellijPlatformRuntimeClasspath,intellijPlatformTestRuntimeClasspath,intellijPlatformTestRuntimeClasspath_manualTestIde,runtimeClasspath,testCompileClasspath,testRuntimeClasspath
org.itsallcode.openfasttrace:openfasttrace-core:4.4.0=compileClasspath,intellijPlatformComposedJar,intellijPlatformRuntimeClasspath,intellijPlatformTestRuntimeClasspath,intellijPlatformTestRuntimeClasspath_manualTestIde,runtimeClasspath,testCompileClasspath,testRuntimeClasspath
org.itsallcode.openfasttrace:openfasttrace-exporter-common:4.4.0=compileClasspath,intellijPlatformComposedJar,intellijPlatformRuntimeClasspath,intellijPlatformTestRuntimeClasspath,intellijPlatformTestRuntimeClasspath_manualTestIde,runtimeClasspath,testCompileClasspath,testRuntimeClasspath
org.itsallcode.openfasttrace:openfasttrace-exporter-specobject:4.4.0=compileClasspath,intellijPlatformComposedJar,intellijPlatformRuntimeClasspath,intellijPlatformTestRuntimeClasspath,intellijPlatformTestRuntimeClasspath_manualTestIde,runtimeClasspath,testCompileClasspath,testRuntimeClasspath
org.itsallcode.openfasttrace:openfasttrace-importer-lightweightmarkup:4.4.0=compileClasspath,intellijPlatformComposedJar,intellijPlatformRuntimeClasspath,intellijPlatformTestRuntimeClasspath,intellijPlatformTestRuntimeClasspath_manualTestIde,runtimeClasspath,testCompileClasspath,testRuntimeClasspath
org.itsallcode.openfasttrace:openfasttrace-importer-markdown:4.4.0=compileClasspath,intellijPlatformComposedJar,intellijPlatformRuntimeClasspath,intellijPlatformTestRuntimeClasspath,intellijPlatformTestRuntimeClasspath_manualTestIde,runtimeClasspath,testCompileClasspath,testRuntimeClasspath
org.itsallcode.openfasttrace:openfasttrace-importer-restructuredtext:4.4.0=compileClasspath,intellijPlatformComposedJar,intellijPlatformRuntimeClasspath,intellijPlatformTestRuntimeClasspath,intellijPlatformTestRuntimeClasspath_manualTestIde,runtimeClasspath,testCompileClasspath,testRuntimeClasspath
org.itsallcode.openfasttrace:openfasttrace-importer-specobject:4.4.0=compileClasspath,intellijPlatformComposedJar,intellijPlatformRuntimeClasspath,intellijPlatformTestRuntimeClasspath,intellijPlatformTestRuntimeClasspath_manualTestIde,runtimeClasspath,testCompileClasspath,testRuntimeClasspath
org.itsallcode.openfasttrace:openfasttrace-importer-tag:4.4.0=compileClasspath,intellijPlatformComposedJar,intellijPlatformRuntimeClasspath,intellijPlatformTestRuntimeClasspath,intellijPlatformTestRuntimeClasspath_manualTestIde,runtimeClasspath,testCompileClasspath,testRuntimeClasspath
org.itsallcode.openfasttrace:openfasttrace-importer-xmlparser:4.4.0=compileClasspath,intellijPlatformComposedJar,intellijPlatformRuntimeClasspath,intellijPlatformTestRuntimeClasspath,intellijPlatformTestRuntimeClasspath_manualTestIde,runtimeClasspath,testCompileClasspath,testRuntimeClasspath
org.itsallcode.openfasttrace:openfasttrace-importer-zip:4.4.0=compileClasspath,intellijPlatformComposedJar,intellijPlatformRuntimeClasspath,intellijPlatformTestRuntimeClasspath,intellijPlatformTestRuntimeClasspath_manualTestIde,runtimeClasspath,testCompileClasspath,testRuntimeClasspath
org.itsallcode.openfasttrace:openfasttrace-reporter-aspec:4.4.0=compileClasspath,intellijPlatformComposedJar,intellijPlatformRuntimeClasspath,intellijPlatformTestRuntimeClasspath,intellijPlatformTestRuntimeClasspath_manualTestIde,runtimeClasspath,testCompileClasspath,testRuntimeClasspath
org.itsallcode.openfasttrace:openfasttrace-reporter-html:4.4.0=compileClasspath,intellijPlatformComposedJar,intellijPlatformRuntimeClasspath,intellijPlatformTestRuntimeClasspath,intellijPlatformTestRuntimeClasspath_manualTestIde,runtimeClasspath,testCompileClasspath,testRuntimeClasspath
org.itsallcode.openfasttrace:openfasttrace-reporter-plaintext:4.4.0=compileClasspath,intellijPlatformComposedJar,intellijPlatformRuntimeClasspath,intellijPlatformTestRuntimeClasspath,intellijPlatformTestRuntimeClasspath_manualTestIde,runtimeClasspath,testCompileClasspath,testRuntimeClasspath
org.itsallcode.openfasttrace:openfasttrace:4.4.0=compileClasspath,intellijPlatformComposedJar,intellijPlatformRuntimeClasspath,intellijPlatformTestRuntimeClasspath,intellijPlatformTestRuntimeClasspath_manualTestIde,runtimeClasspath,testCompileClasspath,testRuntimeClasspath
org.jacoco:org.jacoco.agent:0.8.13=jacocoAgent,jacocoAnt
org.jacoco:org.jacoco.ant:0.8.13=jacocoAnt
org.jacoco:org.jacoco.core:0.8.13=jacocoAnt
org.jacoco:org.jacoco.report:0.8.13=jacocoAnt
org.jetbrains.compose.hot-reload:hot-reload-agent:1.1.0-alpha03=composeHotReloadAgent
org.jetbrains.intellij.deps:asm-all:9.6.1=intellijPlatformJavaCompiler
org.jetbrains.intellij.plugins:verifier-cli:1.405=intellijPluginVerifier
org.jetbrains.kotlinx:kotlinx-collections-immutable-jvm:0.4.0=intellijPlatformTestClasspath,intellijPlatformTestDependencies,testCompileClasspath
org.jetbrains.kotlinx:kotlinx-serialization-core-jvm:1.9.0=intellijPlatformTestClasspath,intellijPlatformTestDependencies
org.jetbrains.runtime:jbr-api:1.9.0=intellijPlatformTestClasspath,intellijPlatformTestDependencies,testCompileClasspath
org.jetbrains:annotations:26.0.2=intellijPlatformJavaCompiler,intellijPlatformTestClasspath,intellijPlatformTestDependencies
org.jetbrains:marketplace-zip-signer:0.1.43=marketplaceZipSigner
org.junit.jupiter:junit-jupiter-api:5.13.4=intellijPlatformTestClasspath,intellijPlatformTestDependencies
org.junit.jupiter:junit-jupiter-api:5.14.1=intellijPlatformTestRuntimeClasspath,intellijPlatformTestRuntimeClasspath_manualTestIde,testCompileClasspath,testRuntimeClasspath
org.junit.jupiter:junit-jupiter-engine:5.13.4=intellijPlatformTestClasspath,intellijPlatformTestDependencies
org.junit.jupiter:junit-jupiter-engine:5.14.1=intellijPlatformTestRuntimeClasspath,intellijPlatformTestRuntimeClasspath_manualTestIde,testRuntimeClasspath
org.junit.jupiter:junit-jupiter-params:5.14.1=intellijPlatformTestRuntimeClasspath,intellijPlatformTestRuntimeClasspath_manualTestIde,testCompileClasspath,testRuntimeClasspath
org.junit.jupiter:junit-jupiter:5.14.1=intellijPlatformTestRuntimeClasspath,intellijPlatformTestRuntimeClasspath_manualTestIde,testCompileClasspath,testRuntimeClasspath
org.junit.platform:junit-platform-commons:1.13.4=intellijPlatformTestClasspath,intellijPlatformTestDependencies
org.junit.platform:junit-platform-commons:1.14.1=intellijPlatformTestRuntimeClasspath,intellijPlatformTestRuntimeClasspath_manualTestIde,testCompileClasspath,testRuntimeClasspath
org.junit.platform:junit-platform-engine:1.13.4=intellijPlatformTestClasspath,intellijPlatformTestDependencies
org.junit.platform:junit-platform-engine:1.14.1=intellijPlatformTestRuntimeClasspath,intellijPlatformTestRuntimeClasspath_manualTestIde,testCompileClasspath,testRuntimeClasspath
org.junit.platform:junit-platform-launcher:1.13.4=intellijPlatformTestClasspath,intellijPlatformTestDependencies
org.junit.platform:junit-platform-launcher:1.14.1=intellijPlatformTestRuntimeClasspath,intellijPlatformTestRuntimeClasspath_manualTestIde,testCompileClasspath,testRuntimeClasspath
org.junit.vintage:junit-vintage-engine:5.13.4=intellijPlatformTestClasspath,intellijPlatformTestDependencies
org.junit.vintage:junit-vintage-engine:5.14.1=intellijPlatformTestRuntimeClasspath,intellijPlatformTestRuntimeClasspath_manualTestIde,testRuntimeClasspath
org.junit:junit-bom:5.13.4=intellijPlatformTestClasspath,intellijPlatformTestDependencies
org.junit:junit-bom:5.14.1=intellijPlatformTestRuntimeClasspath,intellijPlatformTestRuntimeClasspath_manualTestIde,testCompileClasspath,testRuntimeClasspath
org.opentest4j:opentest4j:1.3.0=intellijPlatformTestClasspath,intellijPlatformTestDependencies,intellijPlatformTestRuntimeClasspath,intellijPlatformTestRuntimeClasspath_manualTestIde,testCompileClasspath,testRuntimeClasspath
org.ow2.asm:asm-analysis:9.8=intellijPlatformTestClasspath,intellijPlatformTestDependencies
org.ow2.asm:asm-commons:9.8=jacocoAnt
org.ow2.asm:asm-tree:9.8=intellijPlatformTestClasspath,intellijPlatformTestDependencies,jacocoAnt
org.ow2.asm:asm:9.8=intellijPlatformTestClasspath,intellijPlatformTestDependencies,jacocoAnt
empty=annotationProcessor,intellijPlatformBundledModules,intellijPlatformLocal,intellijPlatformLocal_manualTestIde,intellijPlatformPlugin,intellijPlatformPluginComposedModule,intellijPlatformPluginDependency,intellijPlatformPluginLocal,intellijPlatformPluginModule,intellijPlatformTestBundledModules,intellijPlatformTestBundledModules_manualTestIde,intellijPlatformTestBundledPlugins_manualTestIde,intellijPlatformTestDependencies_manualTestIde,intellijPlatformTestPlugin,intellijPlatformTestPluginDependency,intellijPlatformTestPluginDependency_manualTestIde,intellijPlatformTestPluginLocal,intellijPlatformTestPluginLocal_manualTestIde,intellijPlatformTestPlugin_manualTestIde,intellijPluginVerifierIdesLocalInstance,jetbrainsRuntime,jetbrainsRuntimeDependency,jetbrainsRuntimeLocalInstance,jetbrainsRuntime_manualTestIde,testAnnotationProcessor
